
Microsoft Visual Studio Solution File, Format Version 12.00
# Visual Studio 14
VisualStudioVersion = 14.0.24720.0
MinimumVisualStudioVersion = 10.0.40219.1
Project("{2150E333-8FDC-42A3-9474-1A3956D46DE8}") = "src", "src", "{BE5741AF-0EE3-4F54-ACD7-AF1989A5648F}"
EndProject
Project("{2150E333-8FDC-42A3-9474-1A3956D46DE8}") = "Solution Items", "Solution Items", "{84DB68B5-357D-4880-941B-F258AE2E126B}"
	ProjectSection(SolutionItems) = preProject
		global.json = global.json
	EndProjectSection
EndProject
Project("{FAE04EC0-301F-11D3-BF4B-00C04F79EFBC}") = "WebAPILogProcessor", "WebAPILogProcessor\WebAPILogProcessor.csproj", "{F4A32D9E-FD46-44F4-9B2B-BA63CBF5686E}"
EndProject
Project("{FAE04EC0-301F-11D3-BF4B-00C04F79EFBC}") = "LogProcessor", "LogProcessor\LogProcessor.csproj", "{E1FDAE73-F04B-4176-9C40-9A90E2FC431D}"
EndProject
Project("{FAE04EC0-301F-11D3-BF4B-00C04F79EFBC}") = "Logger", "Logger\Logger.csproj", "{4D7BFF8E-E7D1-4075-9E26-91E0EC3AF4B3}"
EndProject
Project("{FAE04EC0-301F-11D3-BF4B-00C04F79EFBC}") = "FileLogger", "FileLogger\FileLogger.csproj", "{4D323AEA-9D88-4544-912F-F7B8515E6043}"
EndProject
Project("{FAE04EC0-301F-11D3-BF4B-00C04F79EFBC}") = "WebAPILogger", "WebAPILogger\WebAPILogger.csproj", "{D6CD4324-0C22-46A1-9FB0-964ADE49BBA2}"
EndProject
Project("{2150E333-8FDC-42A3-9474-1A3956D46DE8}") = "Processors", "Processors", "{E6B74E07-8CA1-4A8B-B711-AABAE64CA784}"
EndProject
Project("{2150E333-8FDC-42A3-9474-1A3956D46DE8}") = "Loggers", "Loggers", "{3932BAB0-3F19-46ED-BB38-7C17056F2173}"
EndProject
Global
	GlobalSection(SolutionConfigurationPlatforms) = preSolution
		Debug|Any CPU = Debug|Any CPU
		Release|Any CPU = Release|Any CPU
	EndGlobalSection
	GlobalSection(ProjectConfigurationPlatforms) = postSolution
		{F4A32D9E-FD46-44F4-9B2B-BA63CBF5686E}.Debug|Any CPU.ActiveCfg = Debug|Any CPU
		{F4A32D9E-FD46-44F4-9B2B-BA63CBF5686E}.Debug|Any CPU.Build.0 = Debug|Any CPU
		{F4A32D9E-FD46-44F4-9B2B-BA63CBF5686E}.Release|Any CPU.ActiveCfg = Release|Any CPU
		{F4A32D9E-FD46-44F4-9B2B-BA63CBF5686E}.Release|Any CPU.Build.0 = Release|Any CPU
		{E1FDAE73-F04B-4176-9C40-9A90E2FC431D}.Debug|Any CPU.ActiveCfg = Debug|Any CPU
		{E1FDAE73-F04B-4176-9C40-9A90E2FC431D}.Debug|Any CPU.Build.0 = Debug|Any CPU
		{E1FDAE73-F04B-4176-9C40-9A90E2FC431D}.Release|Any CPU.ActiveCfg = Release|Any CPU
		{E1FDAE73-F04B-4176-9C40-9A90E2FC431D}.Release|Any CPU.Build.0 = Release|Any CPU
		{4D7BFF8E-E7D1-4075-9E26-91E0EC3AF4B3}.Debug|Any CPU.ActiveCfg = Debug|Any CPU
		{4D7BFF8E-E7D1-4075-9E26-91E0EC3AF4B3}.Debug|Any CPU.Build.0 = Debug|Any CPU
		{4D7BFF8E-E7D1-4075-9E26-91E0EC3AF4B3}.Release|Any CPU.ActiveCfg = Release|Any CPU
		{4D7BFF8E-E7D1-4075-9E26-91E0EC3AF4B3}.Release|Any CPU.Build.0 = Release|Any CPU
		{4D323AEA-9D88-4544-912F-F7B8515E6043}.Debug|Any CPU.ActiveCfg = Debug|Any CPU
		{4D323AEA-9D88-4544-912F-F7B8515E6043}.Debug|Any CPU.Build.0 = Debug|Any CPU
		{4D323AEA-9D88-4544-912F-F7B8515E6043}.Release|Any CPU.ActiveCfg = Release|Any CPU
		{4D323AEA-9D88-4544-912F-F7B8515E6043}.Release|Any CPU.Build.0 = Release|Any CPU
		{D6CD4324-0C22-46A1-9FB0-964ADE49BBA2}.Debug|Any CPU.ActiveCfg = Debug|Any CPU
		{D6CD4324-0C22-46A1-9FB0-964ADE49BBA2}.Debug|Any CPU.Build.0 = Debug|Any CPU
		{D6CD4324-0C22-46A1-9FB0-964ADE49BBA2}.Release|Any CPU.ActiveCfg = Release|Any CPU
		{D6CD4324-0C22-46A1-9FB0-964ADE49BBA2}.Release|Any CPU.Build.0 = Release|Any CPU
	EndGlobalSection
	GlobalSection(SolutionProperties) = preSolution
		HideSolutionNode = FALSE
	EndGlobalSection
	GlobalSection(NestedProjects) = preSolution
		{F4A32D9E-FD46-44F4-9B2B-BA63CBF5686E} = {E6B74E07-8CA1-4A8B-B711-AABAE64CA784}
		{E1FDAE73-F04B-4176-9C40-9A90E2FC431D} = {E6B74E07-8CA1-4A8B-B711-AABAE64CA784}
		{4D7BFF8E-E7D1-4075-9E26-91E0EC3AF4B3} = {3932BAB0-3F19-46ED-BB38-7C17056F2173}
		{4D323AEA-9D88-4544-912F-F7B8515E6043} = {3932BAB0-3F19-46ED-BB38-7C17056F2173}
		{D6CD4324-0C22-46A1-9FB0-964ADE49BBA2} = {3932BAB0-3F19-46ED-BB38-7C17056F2173}
	EndGlobalSection
EndGlobal
